
Microsoft Visual Studio Solution File, Format Version 12.00
# Visual Studio 15
VisualStudioVersion = 15.0.28307.329
MinimumVisualStudioVersion = 10.0.40219.1
Project("{778DAE3C-4631-46EA-AA77-85C1314464D9}") = "Block.Core", "Block.Core\Block.Core.vbproj", "{4D0DE844-45AB-473F-BDD4-C1C8E21C7505}"
EndProject
Project("{778DAE3C-4631-46EA-AA77-85C1314464D9}") = "Block.Desktop", "Block.Desktop\Block.Desktop.vbproj", "{88D8B1A4-1262-4377-8388-51AF02B4A22B}"
EndProject
Project("{778DAE3C-4631-46EA-AA77-85C1314464D9}") = "Block.Tests", "Block.Tests\Block.Tests.vbproj", "{63E9960D-D3C3-47C7-99F7-E81D68D4D12C}"
EndProject
Project("{F184B08F-C81C-45F6-A57F-5ABD9991F28F}") = "Block.Core.Resources", "Block.Core.Resources\Block.Core.Resources.vbproj", "{EE2B227D-E0F0-4B3B-9E18-F860699CEFDE}"
EndProject
Global
	GlobalSection(SolutionConfigurationPlatforms) = preSolution
		Debug|Any CPU = Debug|Any CPU
		Release|Any CPU = Release|Any CPU
	EndGlobalSection
	GlobalSection(ProjectConfigurationPlatforms) = postSolution
		{4D0DE844-45AB-473F-BDD4-C1C8E21C7505}.Debug|Any CPU.ActiveCfg = Debug|Any CPU
		{4D0DE844-45AB-473F-BDD4-C1C8E21C7505}.Debug|Any CPU.Build.0 = Debug|Any CPU
		{4D0DE844-45AB-473F-BDD4-C1C8E21C7505}.Release|Any CPU.ActiveCfg = Release|Any CPU
		{4D0DE844-45AB-473F-BDD4-C1C8E21C7505}.Release|Any CPU.Build.0 = Release|Any CPU
		{88D8B1A4-1262-4377-8388-51AF02B4A22B}.Debug|Any CPU.ActiveCfg = Debug|Any CPU
		{88D8B1A4-1262-4377-8388-51AF02B4A22B}.Debug|Any CPU.Build.0 = Debug|Any CPU
		{88D8B1A4-1262-4377-8388-51AF02B4A22B}.Release|Any CPU.ActiveCfg = Release|Any CPU
		{88D8B1A4-1262-4377-8388-51AF02B4A22B}.Release|Any CPU.Build.0 = Release|Any CPU
		{63E9960D-D3C3-47C7-99F7-E81D68D4D12C}.Debug|Any CPU.ActiveCfg = Debug|Any CPU
		{63E9960D-D3C3-47C7-99F7-E81D68D4D12C}.Debug|Any CPU.Build.0 = Debug|Any CPU
		{63E9960D-D3C3-47C7-99F7-E81D68D4D12C}.Release|Any CPU.ActiveCfg = Release|Any CPU
		{63E9960D-D3C3-47C7-99F7-E81D68D4D12C}.Release|Any CPU.Build.0 = Release|Any CPU
		{EE2B227D-E0F0-4B3B-9E18-F860699CEFDE}.Debug|Any CPU.ActiveCfg = Debug|Any CPU
		{EE2B227D-E0F0-4B3B-9E18-F860699CEFDE}.Debug|Any CPU.Build.0 = Debug|Any CPU
		{EE2B227D-E0F0-4B3B-9E18-F860699CEFDE}.Release|Any CPU.ActiveCfg = Release|Any CPU
		{EE2B227D-E0F0-4B3B-9E18-F860699CEFDE}.Release|Any CPU.Build.0 = Release|Any CPU
	EndGlobalSection
	GlobalSection(SolutionProperties) = preSolution
		HideSolutionNode = FALSE
	EndGlobalSection
	GlobalSection(ExtensibilityGlobals) = postSolution
		SolutionGuid = {F7722962-4BB7-455D-804D-0DE27409AEA3}
	EndGlobalSection
EndGlobal
